
Microsoft Visual Studio Solution File, Format Version 12.00
# Visual Studio 15
VisualStudioVersion = 15.0.27703.2042
MinimumVisualStudioVersion = 10.0.40219.1
Project("{9A19103F-16F7-4668-BE54-9A1E7A4F7556}") = "ComposeFX.Maths", "ComposeFX.Maths\ComposeFX.Maths.csproj", "{1FEA1738-EE6D-404F-A711-7F83E4DC4EC6}"
EndProject
Project("{9A19103F-16F7-4668-BE54-9A1E7A4F7556}") = "ComposeFX.Maths.Tests", "ComposeFX.Maths.Tests\ComposeFX.Maths.Tests.csproj", "{F9518503-0389-413A-8AE3-41AD95E46640}"
EndProject
Project("{9A19103F-16F7-4668-BE54-9A1E7A4F7556}") = "ComposeFX.Compiler", "ComposeFX.Compiler\ComposeFX.Compiler.csproj", "{5BA7FD4D-AB1A-4D9C-8D93-F1575E2C5FEC}"
	ProjectSection(ProjectDependencies) = postProject
		{1FEA1738-EE6D-404F-A711-7F83E4DC4EC6} = {1FEA1738-EE6D-404F-A711-7F83E4DC4EC6}
	EndProjectSection
EndProject
Project("{9A19103F-16F7-4668-BE54-9A1E7A4F7556}") = "ComposeFX.Compiler.Tests", "ComposeFX.Compiler.Tests\ComposeFX.Compiler.Tests.csproj", "{576FD5CA-6935-4794-BB67-7EA4BDE138C4}"
EndProject
Project("{9A19103F-16F7-4668-BE54-9A1E7A4F7556}") = "ComposeFX.SpirV", "ComposeFX.SpirV\ComposeFX.SpirV.csproj", "{8209ADAF-D85A-413E-B1D9-EE78066CE360}"
EndProject
Global
	GlobalSection(SolutionConfigurationPlatforms) = preSolution
		Debug|Any CPU = Debug|Any CPU
		Release|Any CPU = Release|Any CPU
	EndGlobalSection
	GlobalSection(ProjectConfigurationPlatforms) = postSolution
		{1FEA1738-EE6D-404F-A711-7F83E4DC4EC6}.Debug|Any CPU.ActiveCfg = Debug|Any CPU
		{1FEA1738-EE6D-404F-A711-7F83E4DC4EC6}.Debug|Any CPU.Build.0 = Debug|Any CPU
		{1FEA1738-EE6D-404F-A711-7F83E4DC4EC6}.Release|Any CPU.ActiveCfg = Release|Any CPU
		{1FEA1738-EE6D-404F-A711-7F83E4DC4EC6}.Release|Any CPU.Build.0 = Release|Any CPU
		{F9518503-0389-413A-8AE3-41AD95E46640}.Debug|Any CPU.ActiveCfg = Debug|Any CPU
		{F9518503-0389-413A-8AE3-41AD95E46640}.Debug|Any CPU.Build.0 = Debug|Any CPU
		{F9518503-0389-413A-8AE3-41AD95E46640}.Release|Any CPU.ActiveCfg = Release|Any CPU
		{F9518503-0389-413A-8AE3-41AD95E46640}.Release|Any CPU.Build.0 = Release|Any CPU
		{5BA7FD4D-AB1A-4D9C-8D93-F1575E2C5FEC}.Debug|Any CPU.ActiveCfg = Debug|Any CPU
		{5BA7FD4D-AB1A-4D9C-8D93-F1575E2C5FEC}.Debug|Any CPU.Build.0 = Debug|Any CPU
		{5BA7FD4D-AB1A-4D9C-8D93-F1575E2C5FEC}.Release|Any CPU.ActiveCfg = Release|Any CPU
		{5BA7FD4D-AB1A-4D9C-8D93-F1575E2C5FEC}.Release|Any CPU.Build.0 = Release|Any CPU
		{576FD5CA-6935-4794-BB67-7EA4BDE138C4}.Debug|Any CPU.ActiveCfg = Debug|Any CPU
		{576FD5CA-6935-4794-BB67-7EA4BDE138C4}.Debug|Any CPU.Build.0 = Debug|Any CPU
		{576FD5CA-6935-4794-BB67-7EA4BDE138C4}.Release|Any CPU.ActiveCfg = Release|Any CPU
		{576FD5CA-6935-4794-BB67-7EA4BDE138C4}.Release|Any CPU.Build.0 = Release|Any CPU
		{8209ADAF-D85A-413E-B1D9-EE78066CE360}.Debug|Any CPU.ActiveCfg = Debug|Any CPU
		{8209ADAF-D85A-413E-B1D9-EE78066CE360}.Debug|Any CPU.Build.0 = Debug|Any CPU
		{8209ADAF-D85A-413E-B1D9-EE78066CE360}.Release|Any CPU.ActiveCfg = Release|Any CPU
		{8209ADAF-D85A-413E-B1D9-EE78066CE360}.Release|Any CPU.Build.0 = Release|Any CPU
	EndGlobalSection
	GlobalSection(SolutionProperties) = preSolution
		HideSolutionNode = FALSE
	EndGlobalSection
	GlobalSection(ExtensibilityGlobals) = postSolution
		SolutionGuid = {AA677B3D-342E-4D6F-BEB8-A9EC7253C278}
	EndGlobalSection
EndGlobal
